
Microsoft Visual Studio Solution File, Format Version 12.00
# Visual Studio Version 16
VisualStudioVersion = 16.0.31702.278
MinimumVisualStudioVersion = 10.0.40219.1
Project("{FAE04EC0-301F-11D3-BF4B-00C04F79EFBC}") = "MultApp.Android", "MultApp\MultApp.Android\MultApp.Android.csproj", "{4A68FA46-816F-4434-98C4-9CD8E5EDA65A}"
EndProject
Project("{FAE04EC0-301F-11D3-BF4B-00C04F79EFBC}") = "MultApp.iOS", "MultApp\MultApp.iOS\MultApp.iOS.csproj", "{79851E11-1C77-42A4-8C8E-EECB8DA7B25F}"
EndProject
Project("{9A19103F-16F7-4668-BE54-9A1E7A4F7556}") = "MultApp", "MultApp\MultApp\MultApp.csproj", "{C2CCD213-65CF-4BC6-AF59-83D299E00938}"
EndProject
Project("{FAE04EC0-301F-11D3-BF4B-00C04F79EFBC}") = "MultAppTests", "MultAppTests\MultAppTests.csproj", "{0B9E5F3D-E0AC-4514-BE09-54485A73CDF0}"
EndProject
Global
	GlobalSection(SolutionConfigurationPlatforms) = preSolution
		Debug|Any CPU = Debug|Any CPU
		Debug|iPhone = Debug|iPhone
		Debug|iPhoneSimulator = Debug|iPhoneSimulator
		Release|Any CPU = Release|Any CPU
		Release|iPhone = Release|iPhone
		Release|iPhoneSimulator = Release|iPhoneSimulator
	EndGlobalSection
	GlobalSection(ProjectConfigurationPlatforms) = postSolution
		{4A68FA46-816F-4434-98C4-9CD8E5EDA65A}.Debug|Any CPU.ActiveCfg = Debug|Any CPU
		{4A68FA46-816F-4434-98C4-9CD8E5EDA65A}.Debug|Any CPU.Build.0 = Debug|Any CPU
		{4A68FA46-816F-4434-98C4-9CD8E5EDA65A}.Debug|Any CPU.Deploy.0 = Debug|Any CPU
		{4A68FA46-816F-4434-98C4-9CD8E5EDA65A}.Debug|iPhone.ActiveCfg = Debug|Any CPU
		{4A68FA46-816F-4434-98C4-9CD8E5EDA65A}.Debug|iPhone.Build.0 = Debug|Any CPU
		{4A68FA46-816F-4434-98C4-9CD8E5EDA65A}.Debug|iPhone.Deploy.0 = Debug|Any CPU
		{4A68FA46-816F-4434-98C4-9CD8E5EDA65A}.Debug|iPhoneSimulator.ActiveCfg = Debug|Any CPU
		{4A68FA46-816F-4434-98C4-9CD8E5EDA65A}.Debug|iPhoneSimulator.Build.0 = Debug|Any CPU
		{4A68FA46-816F-4434-98C4-9CD8E5EDA65A}.Debug|iPhoneSimulator.Deploy.0 = Debug|Any CPU
		{4A68FA46-816F-4434-98C4-9CD8E5EDA65A}.Release|Any CPU.ActiveCfg = Release|Any CPU
		{4A68FA46-816F-4434-98C4-9CD8E5EDA65A}.Release|Any CPU.Build.0 = Release|Any CPU
		{4A68FA46-816F-4434-98C4-9CD8E5EDA65A}.Release|Any CPU.Deploy.0 = Release|Any CPU
		{4A68FA46-816F-4434-98C4-9CD8E5EDA65A}.Release|iPhone.ActiveCfg = Release|Any CPU
		{4A68FA46-816F-4434-98C4-9CD8E5EDA65A}.Release|iPhone.Build.0 = Release|Any CPU
		{4A68FA46-816F-4434-98C4-9CD8E5EDA65A}.Release|iPhone.Deploy.0 = Release|Any CPU
		{4A68FA46-816F-4434-98C4-9CD8E5EDA65A}.Release|iPhoneSimulator.ActiveCfg = Release|Any CPU
		{4A68FA46-816F-4434-98C4-9CD8E5EDA65A}.Release|iPhoneSimulator.Build.0 = Release|Any CPU
		{4A68FA46-816F-4434-98C4-9CD8E5EDA65A}.Release|iPhoneSimulator.Deploy.0 = Release|Any CPU
		{79851E11-1C77-42A4-8C8E-EECB8DA7B25F}.Debug|Any CPU.ActiveCfg = Debug|iPhone
		{79851E11-1C77-42A4-8C8E-EECB8DA7B25F}.Debug|Any CPU.Build.0 = Debug|iPhone
		{79851E11-1C77-42A4-8C8E-EECB8DA7B25F}.Debug|Any CPU.Deploy.0 = Debug|iPhone
		{79851E11-1C77-42A4-8C8E-EECB8DA7B25F}.Debug|iPhone.ActiveCfg = Debug|iPhone
		{79851E11-1C77-42A4-8C8E-EECB8DA7B25F}.Debug|iPhone.Build.0 = Debug|iPhone
		{79851E11-1C77-42A4-8C8E-EECB8DA7B25F}.Debug|iPhone.Deploy.0 = Debug|iPhone
		{79851E11-1C77-42A4-8C8E-EECB8DA7B25F}.Debug|iPhoneSimulator.ActiveCfg = Debug|iPhoneSimulator
		{79851E11-1C77-42A4-8C8E-EECB8DA7B25F}.Debug|iPhoneSimulator.Build.0 = Debug|iPhoneSimulator
		{79851E11-1C77-42A4-8C8E-EECB8DA7B25F}.Debug|iPhoneSimulator.Deploy.0 = Debug|iPhoneSimulator
		{79851E11-1C77-42A4-8C8E-EECB8DA7B25F}.Release|Any CPU.ActiveCfg = Release|iPhoneSimulator
		{79851E11-1C77-42A4-8C8E-EECB8DA7B25F}.Release|Any CPU.Build.0 = Release|iPhoneSimulator
		{79851E11-1C77-42A4-8C8E-EECB8DA7B25F}.Release|Any CPU.Deploy.0 = Release|iPhoneSimulator
		{79851E11-1C77-42A4-8C8E-EECB8DA7B25F}.Release|iPhone.ActiveCfg = Release|iPhone
		{79851E11-1C77-42A4-8C8E-EECB8DA7B25F}.Release|iPhone.Build.0 = Release|iPhone
		{79851E11-1C77-42A4-8C8E-EECB8DA7B25F}.Release|iPhone.Deploy.0 = Release|iPhone
		{79851E11-1C77-42A4-8C8E-EECB8DA7B25F}.Release|iPhoneSimulator.ActiveCfg = Release|iPhoneSimulator
		{79851E11-1C77-42A4-8C8E-EECB8DA7B25F}.Release|iPhoneSimulator.Build.0 = Release|iPhoneSimulator
		{79851E11-1C77-42A4-8C8E-EECB8DA7B25F}.Release|iPhoneSimulator.Deploy.0 = Release|iPhoneSimulator
		{C2CCD213-65CF-4BC6-AF59-83D299E00938}.Debug|Any CPU.ActiveCfg = Debug|Any CPU
		{C2CCD213-65CF-4BC6-AF59-83D299E00938}.Debug|Any CPU.Build.0 = Debug|Any CPU
		{C2CCD213-65CF-4BC6-AF59-83D299E00938}.Debug|Any CPU.Deploy.0 = Debug|Any CPU
		{C2CCD213-65CF-4BC6-AF59-83D299E00938}.Debug|iPhone.ActiveCfg = Debug|Any CPU
		{C2CCD213-65CF-4BC6-AF59-83D299E00938}.Debug|iPhone.Build.0 = Debug|Any CPU
		{C2CCD213-65CF-4BC6-AF59-83D299E00938}.Debug|iPhone.Deploy.0 = Debug|Any CPU
		{C2CCD213-65CF-4BC6-AF59-83D299E00938}.Debug|iPhoneSimulator.ActiveCfg = Debug|Any CPU
		{C2CCD213-65CF-4BC6-AF59-83D299E00938}.Debug|iPhoneSimulator.Build.0 = Debug|Any CPU
		{C2CCD213-65CF-4BC6-AF59-83D299E00938}.Debug|iPhoneSimulator.Deploy.0 = Debug|Any CPU
		{C2CCD213-65CF-4BC6-AF59-83D299E00938}.Release|Any CPU.ActiveCfg = Release|Any CPU
		{C2CCD213-65CF-4BC6-AF59-83D299E00938}.Release|Any CPU.Build.0 = Release|Any CPU
		{C2CCD213-65CF-4BC6-AF59-83D299E00938}.Release|Any CPU.Deploy.0 = Release|Any CPU
		{C2CCD213-65CF-4BC6-AF59-83D299E00938}.Release|iPhone.ActiveCfg = Release|Any CPU
		{C2CCD213-65CF-4BC6-AF59-83D299E00938}.Release|iPhone.Build.0 = Release|Any CPU
		{C2CCD213-65CF-4BC6-AF59-83D299E00938}.Release|iPhone.Deploy.0 = Release|Any CPU
		{C2CCD213-65CF-4BC6-AF59-83D299E00938}.Release|iPhoneSimulator.ActiveCfg = Release|Any CPU
		{C2CCD213-65CF-4BC6-AF59-83D299E00938}.Release|iPhoneSimulator.Build.0 = Release|Any CPU
		{C2CCD213-65CF-4BC6-AF59-83D299E00938}.Release|iPhoneSimulator.Deploy.0 = Release|Any CPU
		{0B9E5F3D-E0AC-4514-BE09-54485A73CDF0}.Debug|Any CPU.ActiveCfg = Debug|Any CPU
		{0B9E5F3D-E0AC-4514-BE09-54485A73CDF0}.Debug|Any CPU.Build.0 = Debug|Any CPU
		{0B9E5F3D-E0AC-4514-BE09-54485A73CDF0}.Debug|iPhone.ActiveCfg = Debug|Any CPU
		{0B9E5F3D-E0AC-4514-BE09-54485A73CDF0}.Debug|iPhone.Build.0 = Debug|Any CPU
		{0B9E5F3D-E0AC-4514-BE09-54485A73CDF0}.Debug|iPhoneSimulator.ActiveCfg = Debug|Any CPU
		{0B9E5F3D-E0AC-4514-BE09-54485A73CDF0}.Debug|iPhoneSimulator.Build.0 = Debug|Any CPU
		{0B9E5F3D-E0AC-4514-BE09-54485A73CDF0}.Release|Any CPU.ActiveCfg = Release|Any CPU
		{0B9E5F3D-E0AC-4514-BE09-54485A73CDF0}.Release|Any CPU.Build.0 = Release|Any CPU
		{0B9E5F3D-E0AC-4514-BE09-54485A73CDF0}.Release|iPhone.ActiveCfg = Release|Any CPU
		{0B9E5F3D-E0AC-4514-BE09-54485A73CDF0}.Release|iPhone.Build.0 = Release|Any CPU
		{0B9E5F3D-E0AC-4514-BE09-54485A73CDF0}.Release|iPhoneSimulator.ActiveCfg = Release|Any CPU
		{0B9E5F3D-E0AC-4514-BE09-54485A73CDF0}.Release|iPhoneSimulator.Build.0 = Release|Any CPU
	EndGlobalSection
	GlobalSection(SolutionProperties) = preSolution
		HideSolutionNode = FALSE
	EndGlobalSection
	GlobalSection(ExtensibilityGlobals) = postSolution
		SolutionGuid = {8FDCCF08-C2B8-4DC6-B088-165D99BFDEF7}
	EndGlobalSection
EndGlobal
